
Microsoft Visual Studio Solution File, Format Version 12.00
# Visual Studio 14
VisualStudioVersion = 14.0.23107.0
MinimumVisualStudioVersion = 10.0.40219.1
Project("{FAE04EC0-301F-11D3-BF4B-00C04F79EFBC}") = "TestSensor", "TestSensor\TestSensor.csproj", "{8F31E2DB-B5A6-4069-BE7E-DB753CD4AC45}"
EndProject
Global
	GlobalSection(SolutionConfigurationPlatforms) = preSolution
		Debug|Any CPU = Debug|Any CPU
		Release|Any CPU = Release|Any CPU
	EndGlobalSection
	GlobalSection(ProjectConfigurationPlatforms) = postSolution
		{8F31E2DB-B5A6-4069-BE7E-DB753CD4AC45}.Debug|Any CPU.ActiveCfg = Debug|Any CPU
		{8F31E2DB-B5A6-4069-BE7E-DB753CD4AC45}.Debug|Any CPU.Build.0 = Debug|Any CPU
		{8F31E2DB-B5A6-4069-BE7E-DB753CD4AC45}.Release|Any CPU.ActiveCfg = Release|Any CPU
		{8F31E2DB-B5A6-4069-BE7E-DB753CD4AC45}.Release|Any CPU.Build.0 = Release|Any CPU
	EndGlobalSection
	GlobalSection(SolutionProperties) = preSolution
		HideSolutionNode = FALSE
	EndGlobalSection
EndGlobal
